// !$*UTF8*$!
{
	archiveVersion = 1;
	classes = {
	};
	objectVersion = 50;
	objects = {

/* Begin PBXBuildFile section */
		619C153F231E02F500DE8E4A /* AppDelegate.m in Sources */ = {isa = PBXBuildFile; fileRef = 619C153E231E02F500DE8E4A /* AppDelegate.m */; };
		619C1545231E02F500DE8E4A /* Main.storyboard in Resources */ = {isa = PBXBuildFile; fileRef = 619C1543231E02F500DE8E4A /* Main.storyboard */; };
		619C1547231E02FC00DE8E4A /* Assets.xcassets in Resources */ = {isa = PBXBuildFile; fileRef = 619C1546231E02FC00DE8E4A /* Assets.xcassets */; };
		619C154A231E02FC00DE8E4A /* LaunchScreen.storyboard in Resources */ = {isa = PBXBuildFile; fileRef = 619C1548231E02FC00DE8E4A /* LaunchScreen.storyboard */; };
		619C154D231E02FC00DE8E4A /* main.m in Sources */ = {isa = PBXBuildFile; fileRef = 619C154C231E02FC00DE8E4A /* main.m */; };
		619C1557231E02FC00DE8E4A /* JNToolsDemoTests.m in Sources */ = {isa = PBXBuildFile; fileRef = 619C1556231E02FC00DE8E4A /* JNToolsDemoTests.m */; };
		619C1562231E02FC00DE8E4A /* JNToolsDemoUITests.m in Sources */ = {isa = PBXBuildFile; fileRef = 619C1561231E02FC00DE8E4A /* JNToolsDemoUITests.m */; };
		619C1571231E039300DE8E4A /* TestViewController.m in Sources */ = {isa = PBXBuildFile; fileRef = 619C1570231E039300DE8E4A /* TestViewController.m */; };
		619C158E231E042F00DE8E4A /* JNTool.m in Sources */ = {isa = PBXBuildFile; fileRef = 619C1574231E042F00DE8E4A /* JNTool.m */; };
		619C1590231E042F00DE8E4A /* UILabel+JNExtension.m in Sources */ = {isa = PBXBuildFile; fileRef = 619C157C231E042F00DE8E4A /* UILabel+JNExtension.m */; };
		619C1591231E042F00DE8E4A /* UIImage+JNExtension.m in Sources */ = {isa = PBXBuildFile; fileRef = 619C157E231E042F00DE8E4A /* UIImage+JNExtension.m */; };
		619C1593231E042F00DE8E4A /* UIColor+JNExtension.m in Sources */ = {isa = PBXBuildFile; fileRef = 619C1580231E042F00DE8E4A /* UIColor+JNExtension.m */; };
		619C1594231E042F00DE8E4A /* NSDate+JNExtension.m in Sources */ = {isa = PBXBuildFile; fileRef = 619C1581231E042F00DE8E4A /* NSDate+JNExtension.m */; };
		619C1595231E042F00DE8E4A /* NSAttributedString+JNExtension.m in Sources */ = {isa = PBXBuildFile; fileRef = 619C1583231E042F00DE8E4A /* NSAttributedString+JNExtension.m */; };
		619C1597231E042F00DE8E4A /* UIView+JNExtension.m in Sources */ = {isa = PBXBuildFile; fileRef = 619C1586231E042F00DE8E4A /* UIView+JNExtension.m */; };
		619C1598231E042F00DE8E4A /* NSString+JNExtension.m in Sources */ = {isa = PBXBuildFile; fileRef = 619C158C231E042F00DE8E4A /* NSString+JNExtension.m */; };
/* End PBXBuildFile section */

/* Begin PBXContainerItemProxy section */
		619C1553231E02FC00DE8E4A /* PBXContainerItemProxy */ = {
			isa = PBXContainerItemProxy;
			containerPortal = 619C1532231E02F500DE8E4A /* Project object */;
			proxyType = 1;
			remoteGlobalIDString = 619C1539231E02F500DE8E4A;
			remoteInfo = JNToolsDemo;
		};
		619C155E231E02FC00DE8E4A /* PBXContainerItemProxy */ = {
			isa = PBXContainerItemProxy;
			containerPortal = 619C1532231E02F500DE8E4A /* Project object */;
			proxyType = 1;
			remoteGlobalIDString = 619C1539231E02F500DE8E4A;
			remoteInfo = JNToolsDemo;
		};
/* End PBXContainerItemProxy section */

/* Begin PBXFileReference section */
		619C153A231E02F500DE8E4A /* JNToolsDemo.app */ = {isa = PBXFileReference; explicitFileType = wrapper.application; includeInIndex = 0; path = JNToolsDemo.app; sourceTree = BUILT_PRODUCTS_DIR; };
		619C153D231E02F500DE8E4A /* AppDelegate.h */ = {isa = PBXFileReference; lastKnownFileType = sourcecode.c.h; path = AppDelegate.h; sourceTree = "<group>"; };
		619C153E231E02F500DE8E4A /* AppDelegate.m */ = {isa = PBXFileReference; lastKnownFileType = sourcecode.c.objc; path = AppDelegate.m; sourceTree = "<group>"; };
		619C1544231E02F500DE8E4A /* Base */ = {isa = PBXFileReference; lastKnownFileType = file.storyboard; name = Base; path = Base.lproj/Main.storyboard; sourceTree = "<group>"; };
		619C1546231E02FC00DE8E4A /* Assets.xcassets */ = {isa = PBXFileReference; lastKnownFileType = folder.assetcatalog; path = Assets.xcassets; sourceTree = "<group>"; };
		619C1549231E02FC00DE8E4A /* Base */ = {isa = PBXFileReference; lastKnownFileType = file.storyboard; name = Base; path = Base.lproj/LaunchScreen.storyboard; sourceTree = "<group>"; };
		619C154B231E02FC00DE8E4A /* Info.plist */ = {isa = PBXFileReference; lastKnownFileType = text.plist.xml; path = Info.plist; sourceTree = "<group>"; };
		619C154C231E02FC00DE8E4A /* main.m */ = {isa = PBXFileReference; lastKnownFileType = sourcecode.c.objc; path = main.m; sourceTree = "<group>"; };
		619C1552231E02FC00DE8E4A /* JNToolsDemoTests.xctest */ = {isa = PBXFileReference; explicitFileType = wrapper.cfbundle; includeInIndex = 0; path = JNToolsDemoTests.xctest; sourceTree = BUILT_PRODUCTS_DIR; };
		619C1556231E02FC00DE8E4A /* JNToolsDemoTests.m */ = {isa = PBXFileReference; lastKnownFileType = sourcecode.c.objc; path = JNToolsDemoTests.m; sourceTree = "<group>"; };
		619C1558231E02FC00DE8E4A /* Info.plist */ = {isa = PBXFileReference; lastKnownFileType = text.plist.xml; path = Info.plist; sourceTree = "<group>"; };
		619C155D231E02FC00DE8E4A /* JNToolsDemoUITests.xctest */ = {isa = PBXFileReference; explicitFileType = wrapper.cfbundle; includeInIndex = 0; path = JNToolsDemoUITests.xctest; sourceTree = BUILT_PRODUCTS_DIR; };
		619C1561231E02FC00DE8E4A /* JNToolsDemoUITests.m */ = {isa = PBXFileReference; lastKnownFileType = sourcecode.c.objc; path = JNToolsDemoUITests.m; sourceTree = "<group>"; };
		619C1563231E02FC00DE8E4A /* Info.plist */ = {isa = PBXFileReference; lastKnownFileType = text.plist.xml; path = Info.plist; sourceTree = "<group>"; };
		619C156F231E039300DE8E4A /* TestViewController.h */ = {isa = PBXFileReference; lastKnownFileType = sourcecode.c.h; path = TestViewController.h; sourceTree = "<group>"; };
		619C1570231E039300DE8E4A /* TestViewController.m */ = {isa = PBXFileReference; lastKnownFileType = sourcecode.c.objc; path = TestViewController.m; sourceTree = "<group>"; };
		619C1574231E042F00DE8E4A /* JNTool.m */ = {isa = PBXFileReference; fileEncoding = 4; lastKnownFileType = sourcecode.c.objc; path = JNTool.m; sourceTree = "<group>"; };
		619C1576231E042F00DE8E4A /* JNTool.h */ = {isa = PBXFileReference; fileEncoding = 4; lastKnownFileType = sourcecode.c.h; path = JNTool.h; sourceTree = "<group>"; };
		619C1579231E042F00DE8E4A /* JNToolsDefine.h */ = {isa = PBXFileReference; fileEncoding = 4; lastKnownFileType = sourcecode.c.h; path = JNToolsDefine.h; sourceTree = "<group>"; };
		619C157B231E042F00DE8E4A /* UIView+JNExtension.h */ = {isa = PBXFileReference; fileEncoding = 4; lastKnownFileType = sourcecode.c.h; path = "UIView+JNExtension.h"; sourceTree = "<group>"; };
		619C157C231E042F00DE8E4A /* UILabel+JNExtension.m */ = {isa = PBXFileReference; fileEncoding = 4; lastKnownFileType = sourcecode.c.objc; path = "UILabel+JNExtension.m"; sourceTree = "<group>"; };
		619C157E231E042F00DE8E4A /* UIImage+JNExtension.m */ = {isa = PBXFileReference; fileEncoding = 4; lastKnownFileType = sourcecode.c.objc; path = "UIImage+JNExtension.m"; sourceTree = "<group>"; };
		619C1580231E042F00DE8E4A /* UIColor+JNExtension.m */ = {isa = PBXFileReference; fileEncoding = 4; lastKnownFileType = sourcecode.c.objc; path = "UIColor+JNExtension.m"; sourceTree = "<group>"; };
		619C1581231E042F00DE8E4A /* NSDate+JNExtension.m */ = {isa = PBXFileReference; fileEncoding = 4; lastKnownFileType = sourcecode.c.objc; path = "NSDate+JNExtension.m"; sourceTree = "<group>"; };
		619C1582231E042F00DE8E4A /* NSString+JNExtension.h */ = {isa = PBXFileReference; fileEncoding = 4; lastKnownFileType = sourcecode.c.h; path = "NSString+JNExtension.h"; sourceTree = "<group>"; };
		619C1583231E042F00DE8E4A /* NSAttributedString+JNExtension.m */ = {isa = PBXFileReference; fileEncoding = 4; lastKnownFileType = sourcecode.c.objc; path = "NSAttributedString+JNExtension.m"; sourceTree = "<group>"; };
		619C1584231E042F00DE8E4A /* UILabel+JNExtension.h */ = {isa = PBXFileReference; fileEncoding = 4; lastKnownFileType = sourcecode.c.h; path = "UILabel+JNExtension.h"; sourceTree = "<group>"; };
		619C1586231E042F00DE8E4A /* UIView+JNExtension.m */ = {isa = PBXFileReference; fileEncoding = 4; lastKnownFileType = sourcecode.c.objc; path = "UIView+JNExtension.m"; sourceTree = "<group>"; };
		619C1587231E042F00DE8E4A /* NSDate+JNExtension.h */ = {isa = PBXFileReference; fileEncoding = 4; lastKnownFileType = sourcecode.c.h; path = "NSDate+JNExtension.h"; sourceTree = "<group>"; };
		619C1588231E042F00DE8E4A /* UIColor+JNExtension.h */ = {isa = PBXFileReference; fileEncoding = 4; lastKnownFileType = sourcecode.c.h; path = "UIColor+JNExtension.h"; sourceTree = "<group>"; };
		619C1589231E042F00DE8E4A /* UIImage+JNExtension.h */ = {isa = PBXFileReference; fileEncoding = 4; lastKnownFileType = sourcecode.c.h; path = "UIImage+JNExtension.h"; sourceTree = "<group>"; };
		619C158B231E042F00DE8E4A /* NSAttributedString+JNExtension.h */ = {isa = PBXFileReference; fileEncoding = 4; lastKnownFileType = sourcecode.c.h; path = "NSAttributedString+JNExtension.h"; sourceTree = "<group>"; };
		619C158C231E042F00DE8E4A /* NSString+JNExtension.m */ = {isa = PBXFileReference; fileEncoding = 4; lastKnownFileType = sourcecode.c.objc; path = "NSString+JNExtension.m"; sourceTree = "<group>"; };
		619C158D231E042F00DE8E4A /* JNCommon.h */ = {isa = PBXFileReference; fileEncoding = 4; lastKnownFileType = sourcecode.c.h; path = JNCommon.h; sourceTree = "<group>"; };
/* End PBXFileReference section */

/* Begin PBXFrameworksBuildPhase section */
		619C1537231E02F500DE8E4A /* Frameworks */ = {
			isa = PBXFrameworksBuildPhase;
			buildActionMask = 2147483647;
			files = (
			);
			runOnlyForDeploymentPostprocessing = 0;
		};
		619C154F231E02FC00DE8E4A /* Frameworks */ = {
			isa = PBXFrameworksBuildPhase;
			buildActionMask = 2147483647;
			files = (
			);
			runOnlyForDeploymentPostprocessing = 0;
		};
		619C155A231E02FC00DE8E4A /* Frameworks */ = {
			isa = PBXFrameworksBuildPhase;
			buildActionMask = 2147483647;
			files = (
			);
			runOnlyForDeploymentPostprocessing = 0;
		};
/* End PBXFrameworksBuildPhase section */

/* Begin PBXGroup section */
		619C1531231E02F500DE8E4A = {
			isa = PBXGroup;
			children = (
				619C153C231E02F500DE8E4A /* JNToolsDemo */,
				619C1555231E02FC00DE8E4A /* JNToolsDemoTests */,
				619C1560231E02FC00DE8E4A /* JNToolsDemoUITests */,
				619C153B231E02F500DE8E4A /* Products */,
			);
			sourceTree = "<group>";
		};
		619C153B231E02F500DE8E4A /* Products */ = {
			isa = PBXGroup;
			children = (
				619C153A231E02F500DE8E4A /* JNToolsDemo.app */,
				619C1552231E02FC00DE8E4A /* JNToolsDemoTests.xctest */,
				619C155D231E02FC00DE8E4A /* JNToolsDemoUITests.xctest */,
			);
			name = Products;
			sourceTree = "<group>";
		};
		619C153C231E02F500DE8E4A /* JNToolsDemo */ = {
			isa = PBXGroup;
			children = (
				619C1572231E042F00DE8E4A /* JNTools */,
				619C153D231E02F500DE8E4A /* AppDelegate.h */,
				619C153E231E02F500DE8E4A /* AppDelegate.m */,
				619C156F231E039300DE8E4A /* TestViewController.h */,
				619C1570231E039300DE8E4A /* TestViewController.m */,
				619C1543231E02F500DE8E4A /* Main.storyboard */,
				619C1546231E02FC00DE8E4A /* Assets.xcassets */,
				619C1548231E02FC00DE8E4A /* LaunchScreen.storyboard */,
				619C154B231E02FC00DE8E4A /* Info.plist */,
				619C154C231E02FC00DE8E4A /* main.m */,
			);
			path = JNToolsDemo;
			sourceTree = "<group>";
		};
		619C1555231E02FC00DE8E4A /* JNToolsDemoTests */ = {
			isa = PBXGroup;
			children = (
				619C1556231E02FC00DE8E4A /* JNToolsDemoTests.m */,
				619C1558231E02FC00DE8E4A /* Info.plist */,
			);
			path = JNToolsDemoTests;
			sourceTree = "<group>";
		};
		619C1560231E02FC00DE8E4A /* JNToolsDemoUITests */ = {
			isa = PBXGroup;
			children = (
				619C1561231E02FC00DE8E4A /* JNToolsDemoUITests.m */,
				619C1563231E02FC00DE8E4A /* Info.plist */,
			);
			path = JNToolsDemoUITests;
			sourceTree = "<group>";
		};
		619C1572231E042F00DE8E4A /* JNTools */ = {
			isa = PBXGroup;
			children = (
				619C158D231E042F00DE8E4A /* JNCommon.h */,
				619C157A231E042F00DE8E4A /* Category */,
				619C1578231E042F00DE8E4A /* Define */,
				619C1573231E042F00DE8E4A /* JNTool */,
			);
			path = JNTools;
			sourceTree = "<group>";
		};
		619C1573231E042F00DE8E4A /* JNTool */ = {
			isa = PBXGroup;
			children = (
				619C1576231E042F00DE8E4A /* JNTool.h */,
				619C1574231E042F00DE8E4A /* JNTool.m */,
			);
			path = JNTool;
			sourceTree = "<group>";
		};
		619C1578231E042F00DE8E4A /* Define */ = {
			isa = PBXGroup;
			children = (
				619C1579231E042F00DE8E4A /* JNToolsDefine.h */,
			);
			path = Define;
			sourceTree = "<group>";
		};
		619C157A231E042F00DE8E4A /* Category */ = {
			isa = PBXGroup;
			children = (
				619C158B231E042F00DE8E4A /* NSAttributedString+JNExtension.h */,
				619C1583231E042F00DE8E4A /* NSAttributedString+JNExtension.m */,
				619C1587231E042F00DE8E4A /* NSDate+JNExtension.h */,
				619C1581231E042F00DE8E4A /* NSDate+JNExtension.m */,
				619C1582231E042F00DE8E4A /* NSString+JNExtension.h */,
				619C158C231E042F00DE8E4A /* NSString+JNExtension.m */,
				619C1588231E042F00DE8E4A /* UIColor+JNExtension.h */,
				619C1580231E042F00DE8E4A /* UIColor+JNExtension.m */,
				619C1589231E042F00DE8E4A /* UIImage+JNExtension.h */,
				619C157E231E042F00DE8E4A /* UIImage+JNExtension.m */,
				619C1584231E042F00DE8E4A /* UILabel+JNExtension.h */,
				619C157C231E042F00DE8E4A /* UILabel+JNExtension.m */,
				619C157B231E042F00DE8E4A /* UIView+JNExtension.h */,
				619C1586231E042F00DE8E4A /* UIView+JNExtension.m */,
			);
			path = Category;
			sourceTree = "<group>";
		};
/* End PBXGroup section */

/* Begin PBXNativeTarget section */
		619C1539231E02F500DE8E4A /* JNToolsDemo */ = {
			isa = PBXNativeTarget;
			buildConfigurationList = 619C1566231E02FC00DE8E4A /* Build configuration list for PBXNativeTarget "JNToolsDemo" */;
			buildPhases = (
				619C1536231E02F500DE8E4A /* Sources */,
				619C1537231E02F500DE8E4A /* Frameworks */,
				619C1538231E02F500DE8E4A /* Resources */,
			);
			buildRules = (
			);
			dependencies = (
			);
			name = JNToolsDemo;
			productName = JNToolsDemo;
			productReference = 619C153A231E02F500DE8E4A /* JNToolsDemo.app */;
			productType = "com.apple.product-type.application";
		};
		619C1551231E02FC00DE8E4A /* JNToolsDemoTests */ = {
			isa = PBXNativeTarget;
			buildConfigurationList = 619C1569231E02FC00DE8E4A /* Build configuration list for PBXNativeTarget "JNToolsDemoTests" */;
			buildPhases = (
				619C154E231E02FC00DE8E4A /* Sources */,
				619C154F231E02FC00DE8E4A /* Frameworks */,
				619C1550231E02FC00DE8E4A /* Resources */,
			);
			buildRules = (
			);
			dependencies = (
				619C1554231E02FC00DE8E4A /* PBXTargetDependency */,
			);
			name = JNToolsDemoTests;
			productName = JNToolsDemoTests;
			productReference = 619C1552231E02FC00DE8E4A /* JNToolsDemoTests.xctest */;
			productType = "com.apple.product-type.bundle.unit-test";
		};
		619C155C231E02FC00DE8E4A /* JNToolsDemoUITests */ = {
			isa = PBXNativeTarget;
			buildConfigurationList = 619C156C231E02FC00DE8E4A /* Build configuration list for PBXNativeTarget "JNToolsDemoUITests" */;
			buildPhases = (
				619C1559231E02FC00DE8E4A /* Sources */,
				619C155A231E02FC00DE8E4A /* Frameworks */,
				619C155B231E02FC00DE8E4A /* Resources */,
			);
			buildRules = (
			);
			dependencies = (
				619C155F231E02FC00DE8E4A /* PBXTargetDependency */,
			);
			name = JNToolsDemoUITests;
			productName = JNToolsDemoUITests;
			productReference = 619C155D231E02FC00DE8E4A /* JNToolsDemoUITests.xctest */;
			productType = "com.apple.product-type.bundle.ui-testing";
		};
/* End PBXNativeTarget section */

/* Begin PBXProject section */
		619C1532231E02F500DE8E4A /* Project object */ = {
			isa = PBXProject;
			attributes = {
				LastUpgradeCheck = 1020;
				ORGANIZATIONNAME = Cloud;
				TargetAttributes = {
					619C1539231E02F500DE8E4A = {
						CreatedOnToolsVersion = 10.2.1;
					};
					619C1551231E02FC00DE8E4A = {
						CreatedOnToolsVersion = 10.2.1;
						TestTargetID = 619C1539231E02F500DE8E4A;
					};
					619C155C231E02FC00DE8E4A = {
						CreatedOnToolsVersion = 10.2.1;
						TestTargetID = 619C1539231E02F500DE8E4A;
					};
				};
			};
			buildConfigurationList = 619C1535231E02F500DE8E4A /* Build configuration list for PBXProject "JNToolsDemo" */;
			compatibilityVersion = "Xcode 9.3";
			developmentRegion = en;
			hasScannedForEncodings = 0;
			knownRegions = (
				en,
				Base,
			);
			mainGroup = 619C1531231E02F500DE8E4A;
			productRefGroup = 619C153B231E02F500DE8E4A /* Products */;
			projectDirPath = "";
			projectRoot = "";
			targets = (
				619C1539231E02F500DE8E4A /* JNToolsDemo */,
				619C1551231E02FC00DE8E4A /* JNToolsDemoTests */,
				619C155C231E02FC00DE8E4A /* JNToolsDemoUITests */,
			);
		};
/* End PBXProject section */

/* Begin PBXResourcesBuildPhase section */
		619C1538231E02F500DE8E4A /* Resources */ = {
			isa = PBXResourcesBuildPhase;
			buildActionMask = 2147483647;
			files = (
				619C154A231E02FC00DE8E4A /* LaunchScreen.storyboard in Resources */,
				619C1547231E02FC00DE8E4A /* Assets.xcassets in Resources */,
				619C1545231E02F500DE8E4A /* Main.storyboard in Resources */,
			);
			runOnlyForDeploymentPostprocessing = 0;
		};
		619C1550231E02FC00DE8E4A /* Resources */ = {
			isa = PBXResourcesBuildPhase;
			buildActionMask = 2147483647;
			files = (
			);
			runOnlyForDeploymentPostprocessing = 0;
		};
		619C155B231E02FC00DE8E4A /* Resources */ = {
			isa = PBXResourcesBuildPhase;
			buildActionMask = 2147483647;
			files = (
			);
			runOnlyForDeploymentPostprocessing = 0;
		};
/* End PBXResourcesBuildPhase section */

/* Begin PBXSourcesBuildPhase section */
		619C1536231E02F500DE8E4A /* Sources */ = {
			isa = PBXSourcesBuildPhase;
			buildActionMask = 2147483647;
			files = (
				619C1590231E042F00DE8E4A /* UILabel+JNExtension.m in Sources */,
				619C1571231E039300DE8E4A /* TestViewController.m in Sources */,
				619C1597231E042F00DE8E4A /* UIView+JNExtension.m in Sources */,
				619C1591231E042F00DE8E4A /* UIImage+JNExtension.m in Sources */,
				619C1598231E042F00DE8E4A /* NSString+JNExtension.m in Sources */,
				619C158E231E042F00DE8E4A /* JNTool.m in Sources */,
				619C1595231E042F00DE8E4A /* NSAttributedString+JNExtension.m in Sources */,
				619C1594231E042F00DE8E4A /* NSDate+JNExtension.m in Sources */,
				619C1593231E042F00DE8E4A /* UIColor+JNExtension.m in Sources */,
				619C154D231E02FC00DE8E4A /* main.m in Sources */,
				619C153F231E02F500DE8E4A /* AppDelegate.m in Sources */,
			);
			runOnlyForDeploymentPostprocessing = 0;
		};
		619C154E231E02FC00DE8E4A /* Sources */ = {
			isa = PBXSourcesBuildPhase;
			buildActionMask = 2147483647;
			files = (
				619C1557231E02FC00DE8E4A /* JNToolsDemoTests.m in Sources */,
			);
			runOnlyForDeploymentPostprocessing = 0;
		};
		619C1559231E02FC00DE8E4A /* Sources */ = {
			isa = PBXSourcesBuildPhase;
			buildActionMask = 2147483647;
			files = (
				619C1562231E02FC00DE8E4A /* JNToolsDemoUITests.m in Sources */,
			);
			runOnlyForDeploymentPostprocessing = 0;
		};
/* End PBXSourcesBuildPhase section */

/* Begin PBXTargetDependency section */
		619C1554231E02FC00DE8E4A /* PBXTargetDependency */ = {
			isa = PBXTargetDependency;
			target = 619C1539231E02F500DE8E4A /* JNToolsDemo */;
			targetProxy = 619C1553231E02FC00DE8E4A /* PBXContainerItemProxy */;
		};
		619C155F231E02FC00DE8E4A /* PBXTargetDependency */ = {
			isa = PBXTargetDependency;
			target = 619C1539231E02F500DE8E4A /* JNToolsDemo */;
			targetProxy = 619C155E231E02FC00DE8E4A /* PBXContainerItemProxy */;
		};
/* End PBXTargetDependency section */

/* Begin PBXVariantGroup section */
		619C1543231E02F500DE8E4A /* Main.storyboard */ = {
			isa = PBXVariantGroup;
			children = (
				619C1544231E02F500DE8E4A /* Base */,
			);
			name = Main.storyboard;
			sourceTree = "<group>";
		};
		619C1548231E02FC00DE8E4A /* LaunchScreen.storyboard */ = {
			isa = PBXVariantGroup;
			children = (
				619C1549231E02FC00DE8E4A /* Base */,
			);
			name = LaunchScreen.storyboard;
			sourceTree = "<group>";
		};
/* End PBXVariantGroup section */

/* Begin XCBuildConfiguration section */
		619C1564231E02FC00DE8E4A /* Debug */ = {
			isa = XCBuildConfiguration;
			buildSettings = {
				ALWAYS_SEARCH_USER_PATHS = NO;
				CLANG_ANALYZER_NONNULL = YES;
				CLANG_ANALYZER_NUMBER_OBJECT_CONVERSION = YES_AGGRESSIVE;
				CLANG_CXX_LANGUAGE_STANDARD = "gnu++14";
				CLANG_CXX_LIBRARY = "libc++";
				CLANG_ENABLE_MODULES = YES;
				CLANG_ENABLE_OBJC_ARC = YES;
				CLANG_ENABLE_OBJC_WEAK = YES;
				CLANG_WARN_BLOCK_CAPTURE_AUTORELEASING = YES;
				CLANG_WARN_BOOL_CONVERSION = YES;
				CLANG_WARN_COMMA = YES;
				CLANG_WARN_CONSTANT_CONVERSION = YES;
				CLANG_WARN_DEPRECATED_OBJC_IMPLEMENTATIONS = YES;
				CLANG_WARN_DIRECT_OBJC_ISA_USAGE = YES_ERROR;
				CLANG_WARN_DOCUMENTATION_COMMENTS = YES;
				CLANG_WARN_EMPTY_BODY = YES;
				CLANG_WARN_ENUM_CONVERSION = YES;
				CLANG_WARN_INFINITE_RECURSION = YES;
				CLANG_WARN_INT_CONVERSION = YES;
				CLANG_WARN_NON_LITERAL_NULL_CONVERSION = YES;
				CLANG_WARN_OBJC_IMPLICIT_RETAIN_SELF = YES;
				CLANG_WARN_OBJC_LITERAL_CONVERSION = YES;
				CLANG_WARN_OBJC_ROOT_CLASS = YES_ERROR;
				CLANG_WARN_RANGE_LOOP_ANALYSIS = YES;
				CLANG_WARN_STRICT_PROTOTYPES = YES;
				CLANG_WARN_SUSPICIOUS_MOVE = YES;
				CLANG_WARN_UNGUARDED_AVAILABILITY = YES_AGGRESSIVE;
				CLANG_WARN_UNREACHABLE_CODE = YES;
				CLANG_WARN__DUPLICATE_METHOD_MATCH = YES;
				CODE_SIGN_IDENTITY = "iPhone Developer";
				COPY_PHASE_STRIP = NO;
				DEBUG_INFORMATION_FORMAT = dwarf;
				ENABLE_STRICT_OBJC_MSGSEND = YES;
				ENABLE_TESTABILITY = YES;
				GCC_C_LANGUAGE_STANDARD = gnu11;
				GCC_DYNAMIC_NO_PIC = NO;
				GCC_NO_COMMON_BLOCKS = YES;
				GCC_OPTIMIZATION_LEVEL = 0;
				GCC_PREPROCESSOR_DEFINITIONS = (
					"DEBUG=1",
					"$(inherited)",
				);
				GCC_WARN_64_TO_32_BIT_CONVERSION = YES;
				GCC_WARN_ABOUT_RETURN_TYPE = YES_ERROR;
				GCC_WARN_UNDECLARED_SELECTOR = YES;
				GCC_WARN_UNINITIALIZED_AUTOS = YES_AGGRESSIVE;
				GCC_WARN_UNUSED_FUNCTION = YES;
				GCC_WARN_UNUSED_VARIABLE = YES;
				IPHONEOS_DEPLOYMENT_TARGET = 12.2;
				MTL_ENABLE_DEBUG_INFO = INCLUDE_SOURCE;
				MTL_FAST_MATH = YES;
				ONLY_ACTIVE_ARCH = YES;
				SDKROOT = iphoneos;
			};
			name = Debug;
		};
		619C1565231E02FC00DE8E4A /* Release */ = {
			isa = XCBuildConfiguration;
			buildSettings = {
				ALWAYS_SEARCH_USER_PATHS = NO;
				CLANG_ANALYZER_NONNULL = YES;
				CLANG_ANALYZER_NUMBER_OBJECT_CONVERSION = YES_AGGRESSIVE;
				CLANG_CXX_LANGUAGE_STANDARD = "gnu++14";
				CLANG_CXX_LIBRARY = "libc++";
				CLANG_ENABLE_MODULES = YES;
				CLANG_ENABLE_OBJC_ARC = YES;
				CLANG_ENABLE_OBJC_WEAK = YES;
				CLANG_WARN_BLOCK_CAPTURE_AUTORELEASING = YES;
				CLANG_WARN_BOOL_CONVERSION = YES;
				CLANG_WARN_COMMA = YES;
				CLANG_WARN_CONSTANT_CONVERSION = YES;
				CLANG_WARN_DEPRECATED_OBJC_IMPLEMENTATIONS = YES;
				CLANG_WARN_DIRECT_OBJC_ISA_USAGE = YES_ERROR;
				CLANG_WARN_DOCUMENTATION_COMMENTS = YES;
				CLANG_WARN_EMPTY_BODY = YES;
				CLANG_WARN_ENUM_CONVERSION = YES;
				CLANG_WARN_INFINITE_RECURSION = YES;
				CLANG_WARN_INT_CONVERSION = YES;
				CLANG_WARN_NON_LITERAL_NULL_CONVERSION = YES;
				CLANG_WARN_OBJC_IMPLICIT_RETAIN_SELF = YES;
				CLANG_WARN_OBJC_LITERAL_CONVERSION = YES;
				CLANG_WARN_OBJC_ROOT_CLASS = YES_ERROR;
				CLANG_WARN_RANGE_LOOP_ANALYSIS = YES;
				CLANG_WARN_STRICT_PROTOTYPES = YES;
				CLANG_WARN_SUSPICIOUS_MOVE = YES;
				CLANG_WARN_UNGUARDED_AVAILABILITY = YES_AGGRESSIVE;
				CLANG_WARN_UNREACHABLE_CODE = YES;
				CLANG_WARN__DUPLICATE_METHOD_MATCH = YES;
				CODE_SIGN_IDENTITY = "iPhone Developer";
				COPY_PHASE_STRIP = NO;
				DEBUG_INFORMATION_FORMAT = "dwarf-with-dsym";
				ENABLE_NS_ASSERTIONS = NO;
				ENABLE_STRICT_OBJC_MSGSEND = YES;
				GCC_C_LANGUAGE_STANDARD = gnu11;
				GCC_NO_COMMON_BLOCKS = YES;
				GCC_WARN_64_TO_32_BIT_CONVERSION = YES;
				GCC_WARN_ABOUT_RETURN_TYPE = YES_ERROR;
				GCC_WARN_UNDECLARED_SELECTOR = YES;
				GCC_WARN_UNINITIALIZED_AUTOS = YES_AGGRESSIVE;
				GCC_WARN_UNUSED_FUNCTION = YES;
				GCC_WARN_UNUSED_VARIABLE = YES;
				IPHONEOS_DEPLOYMENT_TARGET = 12.2;
				MTL_ENABLE_DEBUG_INFO = NO;
				MTL_FAST_MATH = YES;
				SDKROOT = iphoneos;
				VALIDATE_PRODUCT = YES;
			};
			name = Release;
		};
		619C1567231E02FC00DE8E4A /* Debug */ = {
			isa = XCBuildConfiguration;
			buildSettings = {
				ASSETCATALOG_COMPILER_APPICON_NAME = AppIcon;
				CODE_SIGN_STYLE = Automatic;
				DEVELOPMENT_TEAM = 24FS7QD68Q;
				INFOPLIST_FILE = JNToolsDemo/Info.plist;
				IPHONEOS_DEPLOYMENT_TARGET = 9.0;
				LD_RUNPATH_SEARCH_PATHS = (
					"$(inherited)",
					"@executable_path/Frameworks",
				);
				PRODUCT_BUNDLE_IDENTIFIER = com.znzlkj.JNToolsDemo;
				PRODUCT_NAME = "$(TARGET_NAME)";
				TARGETED_DEVICE_FAMILY = 1;
			};
			name = Debug;
		};
		619C1568231E02FC00DE8E4A /* Release */ = {
			isa = XCBuildConfiguration;
			buildSettings = {
				ASSETCATALOG_COMPILER_APPICON_NAME = AppIcon;
				CODE_SIGN_STYLE = Automatic;
				DEVELOPMENT_TEAM = 24FS7QD68Q;
				INFOPLIST_FILE = JNToolsDemo/Info.plist;
				IPHONEOS_DEPLOYMENT_TARGET = 9.0;
				LD_RUNPATH_SEARCH_PATHS = (
					"$(inherited)",
					"@executable_path/Frameworks",
				);
				PRODUCT_BUNDLE_IDENTIFIER = com.znzlkj.JNToolsDemo;
				PRODUCT_NAME = "$(TARGET_NAME)";
				TARGETED_DEVICE_FAMILY = 1;
			};
			name = Release;
		};
		619C156A231E02FC00DE8E4A /* Debug */ = {
			isa = XCBuildConfiguration;
			buildSettings = {
				BUNDLE_LOADER = "$(TEST_HOST)";
				CODE_SIGN_STYLE = Automatic;
				DEVELOPMENT_TEAM = 24FS7QD68Q;
				INFOPLIST_FILE = JNToolsDemoTests/Info.plist;
				LD_RUNPATH_SEARCH_PATHS = (
					"$(inherited)",
					"@executable_path/Frameworks",
					"@loader_path/Frameworks",
				);
				PRODUCT_BUNDLE_IDENTIFIER = com.znzlkj.JNToolsDemoTests;
				PRODUCT_NAME = "$(TARGET_NAME)";
				TARGETED_DEVICE_FAMILY = "1,2";
				TEST_HOST = "$(BUILT_PRODUCTS_DIR)/JNToolsDemo.app/JNToolsDemo";
			};
			name = Debug;
		};
		619C156B231E02FC00DE8E4A /* Release */ = {
			isa = XCBuildConfiguration;
			buildSettings = {
				BUNDLE_LOADER = "$(TEST_HOST)";
				CODE_SIGN_STYLE = Automatic;
				DEVELOPMENT_TEAM = 24FS7QD68Q;
				INFOPLIST_FILE = JNToolsDemoTests/Info.plist;
				LD_RUNPATH_SEARCH_PATHS = (
					"$(inherited)",
					"@executable_path/Frameworks",
					"@loader_path/Frameworks",
				);
				PRODUCT_BUNDLE_IDENTIFIER = com.znzlkj.JNToolsDemoTests;
				PRODUCT_NAME = "$(TARGET_NAME)";
				TARGETED_DEVICE_FAMILY = "1,2";
				TEST_HOST = "$(BUILT_PRODUCTS_DIR)/JNToolsDemo.app/JNToolsDemo";
			};
			name = Release;
		};
		619C156D231E02FC00DE8E4A /* Debug */ = {
			isa = XCBuildConfiguration;
			buildSettings = {
				CODE_SIGN_STYLE = Automatic;
				DEVELOPMENT_TEAM = 24FS7QD68Q;
				INFOPLIST_FILE = JNToolsDemoUITests/Info.plist;
				LD_RUNPATH_SEARCH_PATHS = (
					"$(inherited)",
					"@executable_path/Frameworks",
					"@loader_path/Frameworks",
				);
				PRODUCT_BUNDLE_IDENTIFIER = com.znzlkj.JNToolsDemoUITests;
				PRODUCT_NAME = "$(TARGET_NAME)";
				TARGETED_DEVICE_FAMILY = "1,2";
				TEST_TARGET_NAME = JNToolsDemo;
			};
			name = Debug;
		};
		619C156E231E02FC00DE8E4A /* Release */ = {
			isa = XCBuildConfiguration;
			buildSettings = {
				CODE_SIGN_STYLE = Automatic;
				DEVELOPMENT_TEAM = 24FS7QD68Q;
				INFOPLIST_FILE = JNToolsDemoUITests/Info.plist;
				LD_RUNPATH_SEARCH_PATHS = (
					"$(inherited)",
					"@executable_path/Frameworks",
					"@loader_path/Frameworks",
				);
				PRODUCT_BUNDLE_IDENTIFIER = com.znzlkj.JNToolsDemoUITests;
				PRODUCT_NAME = "$(TARGET_NAME)";
				TARGETED_DEVICE_FAMILY = "1,2";
				TEST_TARGET_NAME = JNToolsDemo;
			};
			name = Release;
		};
/* End XCBuildConfiguration section */

/* Begin XCConfigurationList section */
		619C1535231E02F500DE8E4A /* Build configuration list for PBXProject "JNToolsDemo" */ = {
			isa = XCConfigurationList;
			buildConfigurations = (
				619C1564231E02FC00DE8E4A /* Debug */,
				619C1565231E02FC00DE8E4A /* Release */,
			);
			defaultConfigurationIsVisible = 0;
			defaultConfigurationName = Release;
		};
		619C1566231E02FC00DE8E4A /* Build configuration list for PBXNativeTarget "JNToolsDemo" */ = {
			isa = XCConfigurationList;
			buildConfigurations = (
				619C1567231E02FC00DE8E4A /* Debug */,
				619C1568231E02FC00DE8E4A /* Release */,
			);
			defaultConfigurationIsVisible = 0;
			defaultConfigurationName = Release;
		};
		619C1569231E02FC00DE8E4A /* Build configuration list for PBXNativeTarget "JNToolsDemoTests" */ = {
			isa = XCConfigurationList;
			buildConfigurations = (
				619C156A231E02FC00DE8E4A /* Debug */,
				619C156B231E02FC00DE8E4A /* Release */,
			);
			defaultConfigurationIsVisible = 0;
			defaultConfigurationName = Release;
		};
		619C156C231E02FC00DE8E4A /* Build configuration list for PBXNativeTarget "JNToolsDemoUITests" */ = {
			isa = XCConfigurationList;
			buildConfigurations = (
				619C156D231E02FC00DE8E4A /* Debug */,
				619C156E231E02FC00DE8E4A /* Release */,
			);
			defaultConfigurationIsVisible = 0;
			defaultConfigurationName = Release;
		};
/* End XCConfigurationList section */
	};
	rootObject = 619C1532231E02F500DE8E4A /* Project object */;
}
